
Microsoft Visual Studio Solution File, Format Version 12.00
# Visual Studio 15
VisualStudioVersion = 15.0.35116.124
MinimumVisualStudioVersion = 10.0.40219.1
Project("{FAE04EC0-301F-11D3-BF4B-00C04F79EFBC}") = "A012_FloatDoubleDecimal", "A012_FloatDoubleDecimal\A012_FloatDoubleDecimal.csproj", "{74C16936-8B33-4194-8333-D31231A7D647}"
EndProject
Global
	GlobalSection(SolutionConfigurationPlatforms) = preSolution
		Debug|Any CPU = Debug|Any CPU
		Release|Any CPU = Release|Any CPU
	EndGlobalSection
	GlobalSection(ProjectConfigurationPlatforms) = postSolution
		{74C16936-8B33-4194-8333-D31231A7D647}.Debug|Any CPU.ActiveCfg = Debug|Any CPU
		{74C16936-8B33-4194-8333-D31231A7D647}.Debug|Any CPU.Build.0 = Debug|Any CPU
		{74C16936-8B33-4194-8333-D31231A7D647}.Release|Any CPU.ActiveCfg = Release|Any CPU
		{74C16936-8B33-4194-8333-D31231A7D647}.Release|Any CPU.Build.0 = Release|Any CPU
	EndGlobalSection
	GlobalSection(SolutionProperties) = preSolution
		HideSolutionNode = FALSE
	EndGlobalSection
	GlobalSection(ExtensibilityGlobals) = postSolution
		SolutionGuid = {5A65437C-3794-46C4-9357-A8FC076FEBC5}
	EndGlobalSection
EndGlobal
