
Microsoft Visual Studio Solution File, Format Version 12.00
# Visual Studio 15
VisualStudioVersion = 15.0.35116.124
MinimumVisualStudioVersion = 10.0.40219.1
Project("{FAE04EC0-301F-11D3-BF4B-00C04F79EFBC}") = "A010_ConsoleFormat", "A010_ConsoleFormat\A010_ConsoleFormat.csproj", "{444B69A0-7876-4F8D-A383-AC104C2F61CB}"
EndProject
Global
	GlobalSection(SolutionConfigurationPlatforms) = preSolution
		Debug|Any CPU = Debug|Any CPU
		Release|Any CPU = Release|Any CPU
	EndGlobalSection
	GlobalSection(ProjectConfigurationPlatforms) = postSolution
		{444B69A0-7876-4F8D-A383-AC104C2F61CB}.Debug|Any CPU.ActiveCfg = Debug|Any CPU
		{444B69A0-7876-4F8D-A383-AC104C2F61CB}.Debug|Any CPU.Build.0 = Debug|Any CPU
		{444B69A0-7876-4F8D-A383-AC104C2F61CB}.Release|Any CPU.ActiveCfg = Release|Any CPU
		{444B69A0-7876-4F8D-A383-AC104C2F61CB}.Release|Any CPU.Build.0 = Release|Any CPU
	EndGlobalSection
	GlobalSection(SolutionProperties) = preSolution
		HideSolutionNode = FALSE
	EndGlobalSection
	GlobalSection(ExtensibilityGlobals) = postSolution
		SolutionGuid = {14481AF8-04A6-4C29-B7F4-E92E4B2890BB}
	EndGlobalSection
EndGlobal
