
Microsoft Visual Studio Solution File, Format Version 12.00
# Visual Studio 15
VisualStudioVersion = 15.0.35116.124
MinimumVisualStudioVersion = 10.0.40219.1
Project("{FAE04EC0-301F-11D3-BF4B-00C04F79EFBC}") = "A003_Console", "A003_Console\A003_Console.csproj", "{27BBE587-3F4F-4458-9C23-CCF918F14BBB}"
EndProject
Global
	GlobalSection(SolutionConfigurationPlatforms) = preSolution
		Debug|Any CPU = Debug|Any CPU
		Release|Any CPU = Release|Any CPU
	EndGlobalSection
	GlobalSection(ProjectConfigurationPlatforms) = postSolution
		{27BBE587-3F4F-4458-9C23-CCF918F14BBB}.Debug|Any CPU.ActiveCfg = Debug|Any CPU
		{27BBE587-3F4F-4458-9C23-CCF918F14BBB}.Debug|Any CPU.Build.0 = Debug|Any CPU
		{27BBE587-3F4F-4458-9C23-CCF918F14BBB}.Release|Any CPU.ActiveCfg = Release|Any CPU
		{27BBE587-3F4F-4458-9C23-CCF918F14BBB}.Release|Any CPU.Build.0 = Release|Any CPU
	EndGlobalSection
	GlobalSection(SolutionProperties) = preSolution
		HideSolutionNode = FALSE
	EndGlobalSection
	GlobalSection(ExtensibilityGlobals) = postSolution
		SolutionGuid = {6B79AC94-E114-4576-8F82-9E1A72470502}
	EndGlobalSection
EndGlobal
